
Microsoft Visual Studio Solution File, Format Version 11.00
# Visual Studio 2010
Project("{FAE04EC0-301F-11D3-BF4B-00C04F79EFBC}") = "eZboonMVC3", "eZboonMVC3\eZboonMVC3.csproj", "{9B381197-374D-4176-B0A9-0A28FAC551DC}"
EndProject
Project("{FAE04EC0-301F-11D3-BF4B-00C04F79EFBC}") = "eZboonMVC3.Tests", "eZboonMVC3.Tests\eZboonMVC3.Tests.csproj", "{D786852E-9CFD-4210-8020-70437E9A7FC2}"
EndProject
Global
	GlobalSection(SolutionConfigurationPlatforms) = preSolution
		Debug|Any CPU = Debug|Any CPU
		Release|Any CPU = Release|Any CPU
	EndGlobalSection
	GlobalSection(ProjectConfigurationPlatforms) = postSolution
		{9B381197-374D-4176-B0A9-0A28FAC551DC}.Debug|Any CPU.ActiveCfg = Debug|Any CPU
		{9B381197-374D-4176-B0A9-0A28FAC551DC}.Debug|Any CPU.Build.0 = Debug|Any CPU
		{9B381197-374D-4176-B0A9-0A28FAC551DC}.Release|Any CPU.ActiveCfg = Release|Any CPU
		{9B381197-374D-4176-B0A9-0A28FAC551DC}.Release|Any CPU.Build.0 = Release|Any CPU
		{D786852E-9CFD-4210-8020-70437E9A7FC2}.Debug|Any CPU.ActiveCfg = Debug|Any CPU
		{D786852E-9CFD-4210-8020-70437E9A7FC2}.Debug|Any CPU.Build.0 = Debug|Any CPU
		{D786852E-9CFD-4210-8020-70437E9A7FC2}.Release|Any CPU.ActiveCfg = Release|Any CPU
		{D786852E-9CFD-4210-8020-70437E9A7FC2}.Release|Any CPU.Build.0 = Release|Any CPU
	EndGlobalSection
	GlobalSection(SolutionProperties) = preSolution
		HideSolutionNode = FALSE
	EndGlobalSection
EndGlobal
